
Microsoft Visual Studio Solution File, Format Version 12.00
# Visual Studio Version 17
VisualStudioVersion = 17.5.33502.453
MinimumVisualStudioVersion = 10.0.40219.1
Project("{FAE04EC0-301F-11D3-BF4B-00C04F79EFBC}") = "RecruitingExercise", "RecruitingExercise\RecruitingExercise.csproj", "{593C470A-7F59-480E-8742-ED6B927A84E5}"
EndProject
Global
	GlobalSection(SolutionConfigurationPlatforms) = preSolution
		Debug|Any CPU = Debug|Any CPU
		Release|Any CPU = Release|Any CPU
	EndGlobalSection
	GlobalSection(ProjectConfigurationPlatforms) = postSolution
		{593C470A-7F59-480E-8742-ED6B927A84E5}.Debug|Any CPU.ActiveCfg = Debug|Any CPU
		{593C470A-7F59-480E-8742-ED6B927A84E5}.Debug|Any CPU.Build.0 = Debug|Any CPU
		{593C470A-7F59-480E-8742-ED6B927A84E5}.Release|Any CPU.ActiveCfg = Release|Any CPU
		{593C470A-7F59-480E-8742-ED6B927A84E5}.Release|Any CPU.Build.0 = Release|Any CPU
	EndGlobalSection
	GlobalSection(SolutionProperties) = preSolution
		HideSolutionNode = FALSE
	EndGlobalSection
	GlobalSection(ExtensibilityGlobals) = postSolution
		SolutionGuid = {C4323F36-13BC-4689-A96C-294D31CB8EAE}
	EndGlobalSection
EndGlobal
